
Microsoft Visual Studio Solution File, Format Version 12.00
# Visual Studio Version 17
VisualStudioVersion = 17.10.35004.147
MinimumVisualStudioVersion = 10.0.40219.1
Project("{FAE04EC0-301F-11D3-BF4B-00C04F79EFBC}") = "csharp-đăng kí môn học", "csharp-đăng kí môn học\csharp-đăng kí môn học.csproj", "{286514FC-62BF-41A3-B870-987C64763493}"
EndProject
Global
	GlobalSection(SolutionConfigurationPlatforms) = preSolution
		Debug|Any CPU = Debug|Any CPU
		Release|Any CPU = Release|Any CPU
	EndGlobalSection
	GlobalSection(ProjectConfigurationPlatforms) = postSolution
		{286514FC-62BF-41A3-B870-987C64763493}.Debug|Any CPU.ActiveCfg = Debug|Any CPU
		{286514FC-62BF-41A3-B870-987C64763493}.Debug|Any CPU.Build.0 = Debug|Any CPU
		{286514FC-62BF-41A3-B870-987C64763493}.Release|Any CPU.ActiveCfg = Release|Any CPU
		{286514FC-62BF-41A3-B870-987C64763493}.Release|Any CPU.Build.0 = Release|Any CPU
	EndGlobalSection
	GlobalSection(SolutionProperties) = preSolution
		HideSolutionNode = FALSE
	EndGlobalSection
	GlobalSection(ExtensibilityGlobals) = postSolution
		SolutionGuid = {1D64BE62-B8DB-4D57-AC2C-5FD8DE593C51}
	EndGlobalSection
EndGlobal
